
Microsoft Visual Studio Solution File, Format Version 12.00
# Visual Studio Version 17
VisualStudioVersion = 17.4.33122.133
MinimumVisualStudioVersion = 10.0.40219.1
Project("{FAE04EC0-301F-11D3-BF4B-00C04F79EFBC}") = "1272315_Project", "1272315_Project\1272315_Project.csproj", "{F052A1C5-55C2-4B40-A128-B58A8B653E9C}"
EndProject
Global
	GlobalSection(SolutionConfigurationPlatforms) = preSolution
		Debug|Any CPU = Debug|Any CPU
		Release|Any CPU = Release|Any CPU
	EndGlobalSection
	GlobalSection(ProjectConfigurationPlatforms) = postSolution
		{F052A1C5-55C2-4B40-A128-B58A8B653E9C}.Debug|Any CPU.ActiveCfg = Debug|Any CPU
		{F052A1C5-55C2-4B40-A128-B58A8B653E9C}.Debug|Any CPU.Build.0 = Debug|Any CPU
		{F052A1C5-55C2-4B40-A128-B58A8B653E9C}.Release|Any CPU.ActiveCfg = Release|Any CPU
		{F052A1C5-55C2-4B40-A128-B58A8B653E9C}.Release|Any CPU.Build.0 = Release|Any CPU
	EndGlobalSection
	GlobalSection(SolutionProperties) = preSolution
		HideSolutionNode = FALSE
	EndGlobalSection
	GlobalSection(ExtensibilityGlobals) = postSolution
		SolutionGuid = {773E8344-17D1-4554-8C66-8CFA7AE29801}
	EndGlobalSection
EndGlobal
